{
  "name": "talkie-bot",
  "version": "1.0.0",
  "lockfileVersion": 3,
  "requires": true,
  "packages": {
    "": {
      "name": "talkie-bot",
      "version": "1.0.0",
      "dependencies": {
        "@factoidal/core": "^0.5.1"
      }
    },
    "node_modules/@factoidal/core": {
      "version": "0.5.1",
      "resolved": "https://registry.npmjs.org/@factoidal/core/-/core-0.5.1.tgz",
      "integrity": "sha512-WtFVZQ0h8sGoXX7eMTOSemPfaXQ3MUT/L1Kz9ewhkjTGazA0qSCBzHR7glYqiSSI4nxj0EKfb83SkdulC/veDQ==",
      "license": "Apache-2.0",
      "bin": {
        "factoidal": "bin/factoidal.mjs"
      },
      "engines": {
        "node": ">=20"
      }
    }
  }
}
